
Microsoft Visual Studio Solution File, Format Version 11.00
# Visual Studio 2010
Project("{FAE04EC0-301F-11D3-BF4B-00C04F79EFBC}") = "UnityEngine.UI", "UnityEngine.UI.csproj", "{f7f71a13-5838-29b5-6b16-287e49e62517}"
EndProject
Project("{FAE04EC0-301F-11D3-BF4B-00C04F79EFBC}") = "UnityEngine.TestRunner", "UnityEngine.TestRunner.csproj", "{01f11c9e-2a29-6c87-6d55-118453d0ab89}"
EndProject
Project("{FAE04EC0-301F-11D3-BF4B-00C04F79EFBC}") = "Unity.Mathematics", "Unity.Mathematics.csproj", "{6fb89a37-bc29-9533-9f07-738028b516f8}"
EndProject
Project("{FAE04EC0-301F-11D3-BF4B-00C04F79EFBC}") = "Unity.InputSystem", "Unity.InputSystem.csproj", "{27052d19-b17e-6a2b-d16a-700f3c5f1ca1}"
EndProject
Project("{FAE04EC0-301F-11D3-BF4B-00C04F79EFBC}") = "Unity.2D.Animation.Triangle.Runtime", "Unity.2D.Animation.Triangle.Runtime.csproj", "{34411e41-9cd2-7011-6cde-785c01e12f0f}"
EndProject
Project("{FAE04EC0-301F-11D3-BF4B-00C04F79EFBC}") = "Unity.Timeline", "Unity.Timeline.csproj", "{a4c3cb61-e17e-5716-818d-f726bde1fdc0}"
EndProject
Project("{FAE04EC0-301F-11D3-BF4B-00C04F79EFBC}") = "Unity.TextMeshPro", "Unity.TextMeshPro.csproj", "{995ab791-0b7a-cc13-bbf5-7a3e5136f558}"
EndProject
Project("{FAE04EC0-301F-11D3-BF4B-00C04F79EFBC}") = "Assembly-CSharp", "Assembly-CSharp.csproj", "{2bbec4db-ce28-26d8-8d7c-836c91891b12}"
EndProject
Project("{FAE04EC0-301F-11D3-BF4B-00C04F79EFBC}") = "Unity.2D.Animation.Runtime", "Unity.2D.Animation.Runtime.csproj", "{1904ebc5-2369-0380-2233-364fe6fbb764}"
EndProject
Project("{FAE04EC0-301F-11D3-BF4B-00C04F79EFBC}") = "Unity.2D.IK.Runtime", "Unity.2D.IK.Runtime.csproj", "{aa2adaa9-1371-7439-0a62-ffdc69b5b472}"
EndProject
Project("{FAE04EC0-301F-11D3-BF4B-00C04F79EFBC}") = "Unity.2D.SpriteShape.Runtime", "Unity.2D.SpriteShape.Runtime.csproj", "{e4754774-c4af-b98b-e74f-60be60e17e37}"
EndProject
Project("{FAE04EC0-301F-11D3-BF4B-00C04F79EFBC}") = "Unity.2D.PixelPerfect", "Unity.2D.PixelPerfect.csproj", "{5578c2d5-86bc-12de-8807-764f3c29a2bf}"
EndProject
Project("{FAE04EC0-301F-11D3-BF4B-00C04F79EFBC}") = "Unity.2D.Common.Runtime", "Unity.2D.Common.Runtime.csproj", "{d80b9ffe-761f-a225-46ab-9fc703213282}"
EndProject
Project("{FAE04EC0-301F-11D3-BF4B-00C04F79EFBC}") = "Unity.InternalAPIEngineBridge.001", "Unity.InternalAPIEngineBridge.001.csproj", "{315f5c83-8c76-2172-2fa6-33ef14af8a13}"
EndProject
Project("{FAE04EC0-301F-11D3-BF4B-00C04F79EFBC}") = "Unity.Timeline.Editor", "Unity.Timeline.Editor.csproj", "{5ffc3e1c-0273-be87-4c4c-4c8cbe9effff}"
EndProject
Project("{FAE04EC0-301F-11D3-BF4B-00C04F79EFBC}") = "Unity.TextMeshPro.Editor", "Unity.TextMeshPro.Editor.csproj", "{ff39818b-e80f-5b9b-5e1e-531665fc8b37}"
EndProject
Project("{FAE04EC0-301F-11D3-BF4B-00C04F79EFBC}") = "Unity.2D.Animation.Editor", "Unity.2D.Animation.Editor.csproj", "{172ecd16-c6ea-bf68-9ef4-38fe30ef72f5}"
EndProject
Project("{FAE04EC0-301F-11D3-BF4B-00C04F79EFBC}") = "UnityEditor.TestRunner", "UnityEditor.TestRunner.csproj", "{b5f8f071-64b6-7e8b-1145-c74d69a09db9}"
EndProject
Project("{FAE04EC0-301F-11D3-BF4B-00C04F79EFBC}") = "Unity.PlasticSCM.Editor", "Unity.PlasticSCM.Editor.csproj", "{a6cf211a-a9a3-9130-d786-dc2e33ee6e4e}"
EndProject
Project("{FAE04EC0-301F-11D3-BF4B-00C04F79EFBC}") = "UnityEditor.UI", "UnityEditor.UI.csproj", "{c7b81733-4bea-d60f-98c7-b85cee35a89d}"
EndProject
Project("{FAE04EC0-301F-11D3-BF4B-00C04F79EFBC}") = "Unity.VisualStudio.Editor", "Unity.VisualStudio.Editor.csproj", "{2f02acc9-fd85-bc31-a228-abc77b238f4f}"
EndProject
Project("{FAE04EC0-301F-11D3-BF4B-00C04F79EFBC}") = "Unity.2D.Psdimporter.Editor", "Unity.2D.Psdimporter.Editor.csproj", "{a66c922e-1b66-a365-5eca-025642ed37bb}"
EndProject
Project("{FAE04EC0-301F-11D3-BF4B-00C04F79EFBC}") = "Unity.2D.SpriteShape.Editor", "Unity.2D.SpriteShape.Editor.csproj", "{86172168-bd7a-a0f2-954b-eb8a395de51f}"
EndProject
Project("{FAE04EC0-301F-11D3-BF4B-00C04F79EFBC}") = "Unity.CollabProxy.Editor", "Unity.CollabProxy.Editor.csproj", "{ba98e580-8469-ef05-7df9-6495466ce04d}"
EndProject
Project("{FAE04EC0-301F-11D3-BF4B-00C04F79EFBC}") = "PsdPlugin", "PsdPlugin.csproj", "{79db071c-c3b0-e655-1b51-6f9a2d4f2ac7}"
EndProject
Project("{FAE04EC0-301F-11D3-BF4B-00C04F79EFBC}") = "Unity.2D.Path.Editor", "Unity.2D.Path.Editor.csproj", "{ef27cdaa-5431-f0ea-4b41-ed729178e491}"
EndProject
Project("{FAE04EC0-301F-11D3-BF4B-00C04F79EFBC}") = "Unity.2D.IK.Editor", "Unity.2D.IK.Editor.csproj", "{2280ba5a-1ab1-c9e9-738e-818ece64d3b0}"
EndProject
Project("{FAE04EC0-301F-11D3-BF4B-00C04F79EFBC}") = "Unity.2D.Sprite.Editor", "Unity.2D.Sprite.Editor.csproj", "{d9930d95-6853-687e-8a54-e30778c5d531}"
EndProject
Project("{FAE04EC0-301F-11D3-BF4B-00C04F79EFBC}") = "Unity.2D.Tilemap.Editor", "Unity.2D.Tilemap.Editor.csproj", "{a9a99e3b-9f81-4de5-2e9a-297e02130bd9}"
EndProject
Project("{FAE04EC0-301F-11D3-BF4B-00C04F79EFBC}") = "Unity.2D.PixelPerfect.Editor", "Unity.2D.PixelPerfect.Editor.csproj", "{64a4ae8b-c82a-e0d2-8d04-d6010fdbc394}"
EndProject
Project("{FAE04EC0-301F-11D3-BF4B-00C04F79EFBC}") = "Unity.VSCode.Editor", "Unity.VSCode.Editor.csproj", "{1bc86992-eff8-96c9-3fc2-e7a36b29514b}"
EndProject
Project("{FAE04EC0-301F-11D3-BF4B-00C04F79EFBC}") = "Unity.2D.Common.Editor", "Unity.2D.Common.Editor.csproj", "{90520ab1-91c4-1fae-6d95-02061223571b}"
EndProject
Project("{FAE04EC0-301F-11D3-BF4B-00C04F79EFBC}") = "Unity.Mathematics.Editor", "Unity.Mathematics.Editor.csproj", "{8ad71980-96d1-54f6-60d8-9015ed241464}"
EndProject
Project("{FAE04EC0-301F-11D3-BF4B-00C04F79EFBC}") = "Unity.InternalAPIEditorBridge.001", "Unity.InternalAPIEditorBridge.001.csproj", "{e22f3c40-9eb7-6095-c6b4-04a991c80ecd}"
EndProject
Global
	GlobalSection(SolutionConfigurationPlatforms) = preSolution
		Debug|Any CPU = Debug|Any CPU
	EndGlobalSection
	GlobalSection(ProjectConfigurationPlatforms) = postSolution
		{f7f71a13-5838-29b5-6b16-287e49e62517}.Debug|Any CPU.ActiveCfg = Debug|Any CPU
		{f7f71a13-5838-29b5-6b16-287e49e62517}.Debug|Any CPU.Build.0 = Debug|Any CPU
		{01f11c9e-2a29-6c87-6d55-118453d0ab89}.Debug|Any CPU.ActiveCfg = Debug|Any CPU
		{01f11c9e-2a29-6c87-6d55-118453d0ab89}.Debug|Any CPU.Build.0 = Debug|Any CPU
		{6fb89a37-bc29-9533-9f07-738028b516f8}.Debug|Any CPU.ActiveCfg = Debug|Any CPU
		{6fb89a37-bc29-9533-9f07-738028b516f8}.Debug|Any CPU.Build.0 = Debug|Any CPU
		{27052d19-b17e-6a2b-d16a-700f3c5f1ca1}.Debug|Any CPU.ActiveCfg = Debug|Any CPU
		{27052d19-b17e-6a2b-d16a-700f3c5f1ca1}.Debug|Any CPU.Build.0 = Debug|Any CPU
		{34411e41-9cd2-7011-6cde-785c01e12f0f}.Debug|Any CPU.ActiveCfg = Debug|Any CPU
		{34411e41-9cd2-7011-6cde-785c01e12f0f}.Debug|Any CPU.Build.0 = Debug|Any CPU
		{a4c3cb61-e17e-5716-818d-f726bde1fdc0}.Debug|Any CPU.ActiveCfg = Debug|Any CPU
		{a4c3cb61-e17e-5716-818d-f726bde1fdc0}.Debug|Any CPU.Build.0 = Debug|Any CPU
		{995ab791-0b7a-cc13-bbf5-7a3e5136f558}.Debug|Any CPU.ActiveCfg = Debug|Any CPU
		{995ab791-0b7a-cc13-bbf5-7a3e5136f558}.Debug|Any CPU.Build.0 = Debug|Any CPU
		{2bbec4db-ce28-26d8-8d7c-836c91891b12}.Debug|Any CPU.ActiveCfg = Debug|Any CPU
		{2bbec4db-ce28-26d8-8d7c-836c91891b12}.Debug|Any CPU.Build.0 = Debug|Any CPU
		{1904ebc5-2369-0380-2233-364fe6fbb764}.Debug|Any CPU.ActiveCfg = Debug|Any CPU
		{1904ebc5-2369-0380-2233-364fe6fbb764}.Debug|Any CPU.Build.0 = Debug|Any CPU
		{aa2adaa9-1371-7439-0a62-ffdc69b5b472}.Debug|Any CPU.ActiveCfg = Debug|Any CPU
		{aa2adaa9-1371-7439-0a62-ffdc69b5b472}.Debug|Any CPU.Build.0 = Debug|Any CPU
		{e4754774-c4af-b98b-e74f-60be60e17e37}.Debug|Any CPU.ActiveCfg = Debug|Any CPU
		{e4754774-c4af-b98b-e74f-60be60e17e37}.Debug|Any CPU.Build.0 = Debug|Any CPU
		{5578c2d5-86bc-12de-8807-764f3c29a2bf}.Debug|Any CPU.ActiveCfg = Debug|Any CPU
		{5578c2d5-86bc-12de-8807-764f3c29a2bf}.Debug|Any CPU.Build.0 = Debug|Any CPU
		{d80b9ffe-761f-a225-46ab-9fc703213282}.Debug|Any CPU.ActiveCfg = Debug|Any CPU
		{d80b9ffe-761f-a225-46ab-9fc703213282}.Debug|Any CPU.Build.0 = Debug|Any CPU
		{315f5c83-8c76-2172-2fa6-33ef14af8a13}.Debug|Any CPU.ActiveCfg = Debug|Any CPU
		{315f5c83-8c76-2172-2fa6-33ef14af8a13}.Debug|Any CPU.Build.0 = Debug|Any CPU
		{5ffc3e1c-0273-be87-4c4c-4c8cbe9effff}.Debug|Any CPU.ActiveCfg = Debug|Any CPU
		{5ffc3e1c-0273-be87-4c4c-4c8cbe9effff}.Debug|Any CPU.Build.0 = Debug|Any CPU
		{ff39818b-e80f-5b9b-5e1e-531665fc8b37}.Debug|Any CPU.ActiveCfg = Debug|Any CPU
		{ff39818b-e80f-5b9b-5e1e-531665fc8b37}.Debug|Any CPU.Build.0 = Debug|Any CPU
		{172ecd16-c6ea-bf68-9ef4-38fe30ef72f5}.Debug|Any CPU.ActiveCfg = Debug|Any CPU
		{172ecd16-c6ea-bf68-9ef4-38fe30ef72f5}.Debug|Any CPU.Build.0 = Debug|Any CPU
		{b5f8f071-64b6-7e8b-1145-c74d69a09db9}.Debug|Any CPU.ActiveCfg = Debug|Any CPU
		{b5f8f071-64b6-7e8b-1145-c74d69a09db9}.Debug|Any CPU.Build.0 = Debug|Any CPU
		{a6cf211a-a9a3-9130-d786-dc2e33ee6e4e}.Debug|Any CPU.ActiveCfg = Debug|Any CPU
		{a6cf211a-a9a3-9130-d786-dc2e33ee6e4e}.Debug|Any CPU.Build.0 = Debug|Any CPU
		{c7b81733-4bea-d60f-98c7-b85cee35a89d}.Debug|Any CPU.ActiveCfg = Debug|Any CPU
		{c7b81733-4bea-d60f-98c7-b85cee35a89d}.Debug|Any CPU.Build.0 = Debug|Any CPU
		{2f02acc9-fd85-bc31-a228-abc77b238f4f}.Debug|Any CPU.ActiveCfg = Debug|Any CPU
		{2f02acc9-fd85-bc31-a228-abc77b238f4f}.Debug|Any CPU.Build.0 = Debug|Any CPU
		{a66c922e-1b66-a365-5eca-025642ed37bb}.Debug|Any CPU.ActiveCfg = Debug|Any CPU
		{a66c922e-1b66-a365-5eca-025642ed37bb}.Debug|Any CPU.Build.0 = Debug|Any CPU
		{86172168-bd7a-a0f2-954b-eb8a395de51f}.Debug|Any CPU.ActiveCfg = Debug|Any CPU
		{86172168-bd7a-a0f2-954b-eb8a395de51f}.Debug|Any CPU.Build.0 = Debug|Any CPU
		{ba98e580-8469-ef05-7df9-6495466ce04d}.Debug|Any CPU.ActiveCfg = Debug|Any CPU
		{ba98e580-8469-ef05-7df9-6495466ce04d}.Debug|Any CPU.Build.0 = Debug|Any CPU
		{79db071c-c3b0-e655-1b51-6f9a2d4f2ac7}.Debug|Any CPU.ActiveCfg = Debug|Any CPU
		{79db071c-c3b0-e655-1b51-6f9a2d4f2ac7}.Debug|Any CPU.Build.0 = Debug|Any CPU
		{ef27cdaa-5431-f0ea-4b41-ed729178e491}.Debug|Any CPU.ActiveCfg = Debug|Any CPU
		{ef27cdaa-5431-f0ea-4b41-ed729178e491}.Debug|Any CPU.Build.0 = Debug|Any CPU
		{2280ba5a-1ab1-c9e9-738e-818ece64d3b0}.Debug|Any CPU.ActiveCfg = Debug|Any CPU
		{2280ba5a-1ab1-c9e9-738e-818ece64d3b0}.Debug|Any CPU.Build.0 = Debug|Any CPU
		{d9930d95-6853-687e-8a54-e30778c5d531}.Debug|Any CPU.ActiveCfg = Debug|Any CPU
		{d9930d95-6853-687e-8a54-e30778c5d531}.Debug|Any CPU.Build.0 = Debug|Any CPU
		{a9a99e3b-9f81-4de5-2e9a-297e02130bd9}.Debug|Any CPU.ActiveCfg = Debug|Any CPU
		{a9a99e3b-9f81-4de5-2e9a-297e02130bd9}.Debug|Any CPU.Build.0 = Debug|Any CPU
		{64a4ae8b-c82a-e0d2-8d04-d6010fdbc394}.Debug|Any CPU.ActiveCfg = Debug|Any CPU
		{64a4ae8b-c82a-e0d2-8d04-d6010fdbc394}.Debug|Any CPU.Build.0 = Debug|Any CPU
		{1bc86992-eff8-96c9-3fc2-e7a36b29514b}.Debug|Any CPU.ActiveCfg = Debug|Any CPU
		{1bc86992-eff8-96c9-3fc2-e7a36b29514b}.Debug|Any CPU.Build.0 = Debug|Any CPU
		{90520ab1-91c4-1fae-6d95-02061223571b}.Debug|Any CPU.ActiveCfg = Debug|Any CPU
		{90520ab1-91c4-1fae-6d95-02061223571b}.Debug|Any CPU.Build.0 = Debug|Any CPU
		{8ad71980-96d1-54f6-60d8-9015ed241464}.Debug|Any CPU.ActiveCfg = Debug|Any CPU
		{8ad71980-96d1-54f6-60d8-9015ed241464}.Debug|Any CPU.Build.0 = Debug|Any CPU
		{e22f3c40-9eb7-6095-c6b4-04a991c80ecd}.Debug|Any CPU.ActiveCfg = Debug|Any CPU
		{e22f3c40-9eb7-6095-c6b4-04a991c80ecd}.Debug|Any CPU.Build.0 = Debug|Any CPU
	EndGlobalSection
	GlobalSection(SolutionProperties) = preSolution
		HideSolutionNode = FALSE
	EndGlobalSection
EndGlobal
